
Microsoft Visual Studio Solution File, Format Version 12.00
# Visual Studio Version 18
VisualStudioVersion = 18.0.11018.127
MinimumVisualStudioVersion = 10.0.40219.1
Project("{2150E333-8FDC-42A3-9474-1A3956D46DE8}") = "Others", "Others", "{32891F65-FBA1-42B2-918E-61F3A9623F2A}"
	ProjectSection(SolutionItems) = preProject
		.editorconfig = .editorconfig
		.gitignore = .gitignore
		.github\copilot-instructions.md = .github\copilot-instructions.md
		global.json = global.json
		NuGet.config = NuGet.config
		.github\workflows\publish-beta.yml = .github\workflows\publish-beta.yml
		.github\workflows\publish.yml = .github\workflows\publish.yml
		Readme.MD = Readme.MD
		.github\workflows\test.yml = .github\workflows\test.yml
		.github\instructions\xcode.instructions.md = .github\instructions\xcode.instructions.md
	EndProjectSection
EndProject
Project("{9A19103F-16F7-4668-BE54-9A1E7A4F7556}") = "Test", "Test\Test.csproj", "{6740B4CD-B2F6-49DF-BDA0-7DC17144C666}"
EndProject
Project("{9A19103F-16F7-4668-BE54-9A1E7A4F7556}") = "DH.NCode", "DH.NCode\DH.NCode.csproj", "{B49ABA5A-C5DA-45F4-87F1-B435EC51D710}"
EndProject
Project("{2150E333-8FDC-42A3-9474-1A3956D46DE8}") = "UnitTest", "UnitTest", "{7CAA8099-FDA8-40A8-A17E-31DD95D4D13D}"
EndProject
Project("{9A19103F-16F7-4668-BE54-9A1E7A4F7556}") = "XUnitTest.XCode", "XUnitTest.XCode\XUnitTest.XCode.csproj", "{B894A87C-0E63-48EF-9894-43D0DD518542}"
EndProject
Project("{9A19103F-16F7-4668-BE54-9A1E7A4F7556}") = "XCodeTool", "XCodeTool\XCodeTool.csproj", "{ADAD9BA3-5AB4-478A-BB51-3E144D410F59}"
EndProject
Project("{2150E333-8FDC-42A3-9474-1A3956D46DE8}") = "驱动包", "驱动包", "{D9FAC4A5-1C7F-4B16-82F9-3B933F762B77}"
EndProject
Project("{FAE04EC0-301F-11D3-BF4B-00C04F79EFBC}") = "DH.NCode.MySql", "DH.NCode.MySql\DH.NCode.MySql.csproj", "{3710A2F9-06B9-4608-A1AA-09151BE6FFBE}"
EndProject
Project("{FAE04EC0-301F-11D3-BF4B-00C04F79EFBC}") = "DH.NCode.SQLite", "DH.NCode.SQLite\DH.NCode.SQLite.csproj", "{77E4BCE8-BC59-4C3A-B601-9889695EA5AE}"
EndProject
Project("{FAE04EC0-301F-11D3-BF4B-00C04F79EFBC}") = "DH.NCode.DaMeng", "DH.NCode.DaMeng\DH.NCode.DaMeng.csproj", "{90DEC93E-D4D5-428B-ACDA-6BAB2CEC852D}"
EndProject
Project("{FAE04EC0-301F-11D3-BF4B-00C04F79EFBC}") = "DH.NCode.Oracle", "DH.NCode.Oracle\DH.NCode.Oracle.csproj", "{25242321-C810-4B90-B263-2AEDD7EC57B5}"
EndProject
Project("{FAE04EC0-301F-11D3-BF4B-00C04F79EFBC}") = "DH.NCode.PostgreSQL", "DH.NCode.PostgreSQL\DH.NCode.PostgreSQL.csproj", "{BF2913BD-EC62-48D8-9F61-7DA4E274A2CD}"
EndProject
Project("{FAE04EC0-301F-11D3-BF4B-00C04F79EFBC}") = "DH.NCode.SqlServer", "DH.NCode.SqlServer\DH.NCode.SqlServer.csproj", "{1832D488-E5B2-45C6-8B46-C517F796AFB9}"
EndProject
Project("{FAE04EC0-301F-11D3-BF4B-00C04F79EFBC}") = "DH.NCode.DB2", "DH.NCode.DB2\DH.NCode.DB2.csproj", "{DBCE675F-8A93-47D6-93F3-4AC07ED90B0D}"
EndProject
Project("{FAE04EC0-301F-11D3-BF4B-00C04F79EFBC}") = "DH.NCode.HighGo", "DH.NCode.HighGo\DH.NCode.HighGo.csproj", "{58781DEB-43FE-44E9-9633-D18C3DF916E9}"
EndProject
Project("{FAE04EC0-301F-11D3-BF4B-00C04F79EFBC}") = "DH.NCode.KingBase", "DH.NCode.KingBase\DH.NCode.KingBase.csproj", "{08E5B5CB-EF09-4447-A8DF-4FE8BB6ED063}"
EndProject
Project("{FAE04EC0-301F-11D3-BF4B-00C04F79EFBC}") = "DH.NCode.VastBase", "DH.NCode.VastBase\DH.NCode.VastBase.csproj", "{2F967CCB-BC47-4421-8DF4-74428B1C775F}"
EndProject
Global
	GlobalSection(SolutionConfigurationPlatforms) = preSolution
		Debug|Any CPU = Debug|Any CPU
		Debug|iPhone = Debug|iPhone
		Debug|iPhoneSimulator = Debug|iPhoneSimulator
		Release|Any CPU = Release|Any CPU
		Release|iPhone = Release|iPhone
		Release|iPhoneSimulator = Release|iPhoneSimulator
	EndGlobalSection
	GlobalSection(ProjectConfigurationPlatforms) = postSolution
		{6740B4CD-B2F6-49DF-BDA0-7DC17144C666}.Debug|Any CPU.ActiveCfg = Debug|Any CPU
		{6740B4CD-B2F6-49DF-BDA0-7DC17144C666}.Debug|Any CPU.Build.0 = Debug|Any CPU
		{6740B4CD-B2F6-49DF-BDA0-7DC17144C666}.Debug|iPhone.ActiveCfg = Debug|Any CPU
		{6740B4CD-B2F6-49DF-BDA0-7DC17144C666}.Debug|iPhone.Build.0 = Debug|Any CPU
		{6740B4CD-B2F6-49DF-BDA0-7DC17144C666}.Debug|iPhoneSimulator.ActiveCfg = Debug|Any CPU
		{6740B4CD-B2F6-49DF-BDA0-7DC17144C666}.Debug|iPhoneSimulator.Build.0 = Debug|Any CPU
		{6740B4CD-B2F6-49DF-BDA0-7DC17144C666}.Release|Any CPU.ActiveCfg = Release|Any CPU
		{6740B4CD-B2F6-49DF-BDA0-7DC17144C666}.Release|Any CPU.Build.0 = Release|Any CPU
		{6740B4CD-B2F6-49DF-BDA0-7DC17144C666}.Release|iPhone.ActiveCfg = Release|Any CPU
		{6740B4CD-B2F6-49DF-BDA0-7DC17144C666}.Release|iPhone.Build.0 = Release|Any CPU
		{6740B4CD-B2F6-49DF-BDA0-7DC17144C666}.Release|iPhoneSimulator.ActiveCfg = Release|Any CPU
		{6740B4CD-B2F6-49DF-BDA0-7DC17144C666}.Release|iPhoneSimulator.Build.0 = Release|Any CPU
		{B49ABA5A-C5DA-45F4-87F1-B435EC51D710}.Debug|Any CPU.ActiveCfg = Debug|Any CPU
		{B49ABA5A-C5DA-45F4-87F1-B435EC51D710}.Debug|Any CPU.Build.0 = Debug|Any CPU
		{B49ABA5A-C5DA-45F4-87F1-B435EC51D710}.Debug|iPhone.ActiveCfg = Debug|Any CPU
		{B49ABA5A-C5DA-45F4-87F1-B435EC51D710}.Debug|iPhone.Build.0 = Debug|Any CPU
		{B49ABA5A-C5DA-45F4-87F1-B435EC51D710}.Debug|iPhoneSimulator.ActiveCfg = Debug|Any CPU
		{B49ABA5A-C5DA-45F4-87F1-B435EC51D710}.Debug|iPhoneSimulator.Build.0 = Debug|Any CPU
		{B49ABA5A-C5DA-45F4-87F1-B435EC51D710}.Release|Any CPU.ActiveCfg = Release|Any CPU
		{B49ABA5A-C5DA-45F4-87F1-B435EC51D710}.Release|Any CPU.Build.0 = Release|Any CPU
		{B49ABA5A-C5DA-45F4-87F1-B435EC51D710}.Release|iPhone.ActiveCfg = Release|Any CPU
		{B49ABA5A-C5DA-45F4-87F1-B435EC51D710}.Release|iPhone.Build.0 = Release|Any CPU
		{B49ABA5A-C5DA-45F4-87F1-B435EC51D710}.Release|iPhoneSimulator.ActiveCfg = Release|Any CPU
		{B49ABA5A-C5DA-45F4-87F1-B435EC51D710}.Release|iPhoneSimulator.Build.0 = Release|Any CPU
		{B894A87C-0E63-48EF-9894-43D0DD518542}.Debug|Any CPU.ActiveCfg = Debug|Any CPU
		{B894A87C-0E63-48EF-9894-43D0DD518542}.Debug|Any CPU.Build.0 = Debug|Any CPU
		{B894A87C-0E63-48EF-9894-43D0DD518542}.Debug|iPhone.ActiveCfg = Debug|Any CPU
		{B894A87C-0E63-48EF-9894-43D0DD518542}.Debug|iPhoneSimulator.ActiveCfg = Debug|Any CPU
		{B894A87C-0E63-48EF-9894-43D0DD518542}.Release|Any CPU.ActiveCfg = Release|Any CPU
		{B894A87C-0E63-48EF-9894-43D0DD518542}.Release|Any CPU.Build.0 = Release|Any CPU
		{B894A87C-0E63-48EF-9894-43D0DD518542}.Release|iPhone.ActiveCfg = Release|Any CPU
		{B894A87C-0E63-48EF-9894-43D0DD518542}.Release|iPhoneSimulator.ActiveCfg = Release|Any CPU
		{ADAD9BA3-5AB4-478A-BB51-3E144D410F59}.Debug|Any CPU.ActiveCfg = Debug|Any CPU
		{ADAD9BA3-5AB4-478A-BB51-3E144D410F59}.Debug|Any CPU.Build.0 = Debug|Any CPU
		{ADAD9BA3-5AB4-478A-BB51-3E144D410F59}.Debug|iPhone.ActiveCfg = Debug|Any CPU
		{ADAD9BA3-5AB4-478A-BB51-3E144D410F59}.Debug|iPhone.Build.0 = Debug|Any CPU
		{ADAD9BA3-5AB4-478A-BB51-3E144D410F59}.Debug|iPhoneSimulator.ActiveCfg = Debug|Any CPU
		{ADAD9BA3-5AB4-478A-BB51-3E144D410F59}.Debug|iPhoneSimulator.Build.0 = Debug|Any CPU
		{ADAD9BA3-5AB4-478A-BB51-3E144D410F59}.Release|Any CPU.ActiveCfg = Release|Any CPU
		{ADAD9BA3-5AB4-478A-BB51-3E144D410F59}.Release|Any CPU.Build.0 = Release|Any CPU
		{ADAD9BA3-5AB4-478A-BB51-3E144D410F59}.Release|iPhone.ActiveCfg = Release|Any CPU
		{ADAD9BA3-5AB4-478A-BB51-3E144D410F59}.Release|iPhone.Build.0 = Release|Any CPU
		{ADAD9BA3-5AB4-478A-BB51-3E144D410F59}.Release|iPhoneSimulator.ActiveCfg = Release|Any CPU
		{ADAD9BA3-5AB4-478A-BB51-3E144D410F59}.Release|iPhoneSimulator.Build.0 = Release|Any CPU
		{3710A2F9-06B9-4608-A1AA-09151BE6FFBE}.Debug|Any CPU.ActiveCfg = Debug|Any CPU
		{3710A2F9-06B9-4608-A1AA-09151BE6FFBE}.Debug|Any CPU.Build.0 = Debug|Any CPU
		{3710A2F9-06B9-4608-A1AA-09151BE6FFBE}.Debug|iPhone.ActiveCfg = Debug|Any CPU
		{3710A2F9-06B9-4608-A1AA-09151BE6FFBE}.Debug|iPhone.Build.0 = Debug|Any CPU
		{3710A2F9-06B9-4608-A1AA-09151BE6FFBE}.Debug|iPhoneSimulator.ActiveCfg = Debug|Any CPU
		{3710A2F9-06B9-4608-A1AA-09151BE6FFBE}.Debug|iPhoneSimulator.Build.0 = Debug|Any CPU
		{3710A2F9-06B9-4608-A1AA-09151BE6FFBE}.Release|Any CPU.ActiveCfg = Release|Any CPU
		{3710A2F9-06B9-4608-A1AA-09151BE6FFBE}.Release|Any CPU.Build.0 = Release|Any CPU
		{3710A2F9-06B9-4608-A1AA-09151BE6FFBE}.Release|iPhone.ActiveCfg = Release|Any CPU
		{3710A2F9-06B9-4608-A1AA-09151BE6FFBE}.Release|iPhone.Build.0 = Release|Any CPU
		{3710A2F9-06B9-4608-A1AA-09151BE6FFBE}.Release|iPhoneSimulator.ActiveCfg = Release|Any CPU
		{3710A2F9-06B9-4608-A1AA-09151BE6FFBE}.Release|iPhoneSimulator.Build.0 = Release|Any CPU
		{77E4BCE8-BC59-4C3A-B601-9889695EA5AE}.Debug|Any CPU.ActiveCfg = Debug|Any CPU
		{77E4BCE8-BC59-4C3A-B601-9889695EA5AE}.Debug|Any CPU.Build.0 = Debug|Any CPU
		{77E4BCE8-BC59-4C3A-B601-9889695EA5AE}.Debug|iPhone.ActiveCfg = Debug|Any CPU
		{77E4BCE8-BC59-4C3A-B601-9889695EA5AE}.Debug|iPhone.Build.0 = Debug|Any CPU
		{77E4BCE8-BC59-4C3A-B601-9889695EA5AE}.Debug|iPhoneSimulator.ActiveCfg = Debug|Any CPU
		{77E4BCE8-BC59-4C3A-B601-9889695EA5AE}.Debug|iPhoneSimulator.Build.0 = Debug|Any CPU
		{77E4BCE8-BC59-4C3A-B601-9889695EA5AE}.Release|Any CPU.ActiveCfg = Release|Any CPU
		{77E4BCE8-BC59-4C3A-B601-9889695EA5AE}.Release|Any CPU.Build.0 = Release|Any CPU
		{77E4BCE8-BC59-4C3A-B601-9889695EA5AE}.Release|iPhone.ActiveCfg = Release|Any CPU
		{77E4BCE8-BC59-4C3A-B601-9889695EA5AE}.Release|iPhone.Build.0 = Release|Any CPU
		{77E4BCE8-BC59-4C3A-B601-9889695EA5AE}.Release|iPhoneSimulator.ActiveCfg = Release|Any CPU
		{77E4BCE8-BC59-4C3A-B601-9889695EA5AE}.Release|iPhoneSimulator.Build.0 = Release|Any CPU
		{90DEC93E-D4D5-428B-ACDA-6BAB2CEC852D}.Debug|Any CPU.ActiveCfg = Debug|Any CPU
		{90DEC93E-D4D5-428B-ACDA-6BAB2CEC852D}.Debug|Any CPU.Build.0 = Debug|Any CPU
		{90DEC93E-D4D5-428B-ACDA-6BAB2CEC852D}.Debug|iPhone.ActiveCfg = Debug|Any CPU
		{90DEC93E-D4D5-428B-ACDA-6BAB2CEC852D}.Debug|iPhone.Build.0 = Debug|Any CPU
		{90DEC93E-D4D5-428B-ACDA-6BAB2CEC852D}.Debug|iPhoneSimulator.ActiveCfg = Debug|Any CPU
		{90DEC93E-D4D5-428B-ACDA-6BAB2CEC852D}.Debug|iPhoneSimulator.Build.0 = Debug|Any CPU
		{90DEC93E-D4D5-428B-ACDA-6BAB2CEC852D}.Release|Any CPU.ActiveCfg = Release|Any CPU
		{90DEC93E-D4D5-428B-ACDA-6BAB2CEC852D}.Release|Any CPU.Build.0 = Release|Any CPU
		{90DEC93E-D4D5-428B-ACDA-6BAB2CEC852D}.Release|iPhone.ActiveCfg = Release|Any CPU
		{90DEC93E-D4D5-428B-ACDA-6BAB2CEC852D}.Release|iPhone.Build.0 = Release|Any CPU
		{90DEC93E-D4D5-428B-ACDA-6BAB2CEC852D}.Release|iPhoneSimulator.ActiveCfg = Release|Any CPU
		{90DEC93E-D4D5-428B-ACDA-6BAB2CEC852D}.Release|iPhoneSimulator.Build.0 = Release|Any CPU
		{25242321-C810-4B90-B263-2AEDD7EC57B5}.Debug|Any CPU.ActiveCfg = Debug|Any CPU
		{25242321-C810-4B90-B263-2AEDD7EC57B5}.Debug|Any CPU.Build.0 = Debug|Any CPU
		{25242321-C810-4B90-B263-2AEDD7EC57B5}.Debug|iPhone.ActiveCfg = Debug|Any CPU
		{25242321-C810-4B90-B263-2AEDD7EC57B5}.Debug|iPhone.Build.0 = Debug|Any CPU
		{25242321-C810-4B90-B263-2AEDD7EC57B5}.Debug|iPhoneSimulator.ActiveCfg = Debug|Any CPU
		{25242321-C810-4B90-B263-2AEDD7EC57B5}.Debug|iPhoneSimulator.Build.0 = Debug|Any CPU
		{25242321-C810-4B90-B263-2AEDD7EC57B5}.Release|Any CPU.ActiveCfg = Release|Any CPU
		{25242321-C810-4B90-B263-2AEDD7EC57B5}.Release|Any CPU.Build.0 = Release|Any CPU
		{25242321-C810-4B90-B263-2AEDD7EC57B5}.Release|iPhone.ActiveCfg = Release|Any CPU
		{25242321-C810-4B90-B263-2AEDD7EC57B5}.Release|iPhone.Build.0 = Release|Any CPU
		{25242321-C810-4B90-B263-2AEDD7EC57B5}.Release|iPhoneSimulator.ActiveCfg = Release|Any CPU
		{25242321-C810-4B90-B263-2AEDD7EC57B5}.Release|iPhoneSimulator.Build.0 = Release|Any CPU
		{BF2913BD-EC62-48D8-9F61-7DA4E274A2CD}.Debug|Any CPU.ActiveCfg = Debug|Any CPU
		{BF2913BD-EC62-48D8-9F61-7DA4E274A2CD}.Debug|Any CPU.Build.0 = Debug|Any CPU
		{BF2913BD-EC62-48D8-9F61-7DA4E274A2CD}.Debug|iPhone.ActiveCfg = Debug|Any CPU
		{BF2913BD-EC62-48D8-9F61-7DA4E274A2CD}.Debug|iPhone.Build.0 = Debug|Any CPU
		{BF2913BD-EC62-48D8-9F61-7DA4E274A2CD}.Debug|iPhoneSimulator.ActiveCfg = Debug|Any CPU
		{BF2913BD-EC62-48D8-9F61-7DA4E274A2CD}.Debug|iPhoneSimulator.Build.0 = Debug|Any CPU
		{BF2913BD-EC62-48D8-9F61-7DA4E274A2CD}.Release|Any CPU.ActiveCfg = Release|Any CPU
		{BF2913BD-EC62-48D8-9F61-7DA4E274A2CD}.Release|Any CPU.Build.0 = Release|Any CPU
		{BF2913BD-EC62-48D8-9F61-7DA4E274A2CD}.Release|iPhone.ActiveCfg = Release|Any CPU
		{BF2913BD-EC62-48D8-9F61-7DA4E274A2CD}.Release|iPhone.Build.0 = Release|Any CPU
		{BF2913BD-EC62-48D8-9F61-7DA4E274A2CD}.Release|iPhoneSimulator.ActiveCfg = Release|Any CPU
		{BF2913BD-EC62-48D8-9F61-7DA4E274A2CD}.Release|iPhoneSimulator.Build.0 = Release|Any CPU
		{1832D488-E5B2-45C6-8B46-C517F796AFB9}.Debug|Any CPU.ActiveCfg = Debug|Any CPU
		{1832D488-E5B2-45C6-8B46-C517F796AFB9}.Debug|Any CPU.Build.0 = Debug|Any CPU
		{1832D488-E5B2-45C6-8B46-C517F796AFB9}.Debug|iPhone.ActiveCfg = Debug|Any CPU
		{1832D488-E5B2-45C6-8B46-C517F796AFB9}.Debug|iPhone.Build.0 = Debug|Any CPU
		{1832D488-E5B2-45C6-8B46-C517F796AFB9}.Debug|iPhoneSimulator.ActiveCfg = Debug|Any CPU
		{1832D488-E5B2-45C6-8B46-C517F796AFB9}.Debug|iPhoneSimulator.Build.0 = Debug|Any CPU
		{1832D488-E5B2-45C6-8B46-C517F796AFB9}.Release|Any CPU.ActiveCfg = Release|Any CPU
		{1832D488-E5B2-45C6-8B46-C517F796AFB9}.Release|Any CPU.Build.0 = Release|Any CPU
		{1832D488-E5B2-45C6-8B46-C517F796AFB9}.Release|iPhone.ActiveCfg = Release|Any CPU
		{1832D488-E5B2-45C6-8B46-C517F796AFB9}.Release|iPhone.Build.0 = Release|Any CPU
		{1832D488-E5B2-45C6-8B46-C517F796AFB9}.Release|iPhoneSimulator.ActiveCfg = Release|Any CPU
		{1832D488-E5B2-45C6-8B46-C517F796AFB9}.Release|iPhoneSimulator.Build.0 = Release|Any CPU
		{DBCE675F-8A93-47D6-93F3-4AC07ED90B0D}.Debug|Any CPU.ActiveCfg = Debug|Any CPU
		{DBCE675F-8A93-47D6-93F3-4AC07ED90B0D}.Debug|Any CPU.Build.0 = Debug|Any CPU
		{DBCE675F-8A93-47D6-93F3-4AC07ED90B0D}.Debug|iPhone.ActiveCfg = Debug|Any CPU
		{DBCE675F-8A93-47D6-93F3-4AC07ED90B0D}.Debug|iPhone.Build.0 = Debug|Any CPU
		{DBCE675F-8A93-47D6-93F3-4AC07ED90B0D}.Debug|iPhoneSimulator.ActiveCfg = Debug|Any CPU
		{DBCE675F-8A93-47D6-93F3-4AC07ED90B0D}.Debug|iPhoneSimulator.Build.0 = Debug|Any CPU
		{DBCE675F-8A93-47D6-93F3-4AC07ED90B0D}.Release|Any CPU.ActiveCfg = Release|Any CPU
		{DBCE675F-8A93-47D6-93F3-4AC07ED90B0D}.Release|Any CPU.Build.0 = Release|Any CPU
		{DBCE675F-8A93-47D6-93F3-4AC07ED90B0D}.Release|iPhone.ActiveCfg = Release|Any CPU
		{DBCE675F-8A93-47D6-93F3-4AC07ED90B0D}.Release|iPhone.Build.0 = Release|Any CPU
		{DBCE675F-8A93-47D6-93F3-4AC07ED90B0D}.Release|iPhoneSimulator.ActiveCfg = Release|Any CPU
		{DBCE675F-8A93-47D6-93F3-4AC07ED90B0D}.Release|iPhoneSimulator.Build.0 = Release|Any CPU
		{58781DEB-43FE-44E9-9633-D18C3DF916E9}.Debug|Any CPU.ActiveCfg = Debug|Any CPU
		{58781DEB-43FE-44E9-9633-D18C3DF916E9}.Debug|Any CPU.Build.0 = Debug|Any CPU
		{58781DEB-43FE-44E9-9633-D18C3DF916E9}.Debug|iPhone.ActiveCfg = Debug|Any CPU
		{58781DEB-43FE-44E9-9633-D18C3DF916E9}.Debug|iPhone.Build.0 = Debug|Any CPU
		{58781DEB-43FE-44E9-9633-D18C3DF916E9}.Debug|iPhoneSimulator.ActiveCfg = Debug|Any CPU
		{58781DEB-43FE-44E9-9633-D18C3DF916E9}.Debug|iPhoneSimulator.Build.0 = Debug|Any CPU
		{58781DEB-43FE-44E9-9633-D18C3DF916E9}.Release|Any CPU.ActiveCfg = Release|Any CPU
		{58781DEB-43FE-44E9-9633-D18C3DF916E9}.Release|Any CPU.Build.0 = Release|Any CPU
		{58781DEB-43FE-44E9-9633-D18C3DF916E9}.Release|iPhone.ActiveCfg = Release|Any CPU
		{58781DEB-43FE-44E9-9633-D18C3DF916E9}.Release|iPhone.Build.0 = Release|Any CPU
		{58781DEB-43FE-44E9-9633-D18C3DF916E9}.Release|iPhoneSimulator.ActiveCfg = Release|Any CPU
		{58781DEB-43FE-44E9-9633-D18C3DF916E9}.Release|iPhoneSimulator.Build.0 = Release|Any CPU
		{08E5B5CB-EF09-4447-A8DF-4FE8BB6ED063}.Debug|Any CPU.ActiveCfg = Debug|Any CPU
		{08E5B5CB-EF09-4447-A8DF-4FE8BB6ED063}.Debug|Any CPU.Build.0 = Debug|Any CPU
		{08E5B5CB-EF09-4447-A8DF-4FE8BB6ED063}.Debug|iPhone.ActiveCfg = Debug|Any CPU
		{08E5B5CB-EF09-4447-A8DF-4FE8BB6ED063}.Debug|iPhone.Build.0 = Debug|Any CPU
		{08E5B5CB-EF09-4447-A8DF-4FE8BB6ED063}.Debug|iPhoneSimulator.ActiveCfg = Debug|Any CPU
		{08E5B5CB-EF09-4447-A8DF-4FE8BB6ED063}.Debug|iPhoneSimulator.Build.0 = Debug|Any CPU
		{08E5B5CB-EF09-4447-A8DF-4FE8BB6ED063}.Release|Any CPU.ActiveCfg = Release|Any CPU
		{08E5B5CB-EF09-4447-A8DF-4FE8BB6ED063}.Release|Any CPU.Build.0 = Release|Any CPU
		{08E5B5CB-EF09-4447-A8DF-4FE8BB6ED063}.Release|iPhone.ActiveCfg = Release|Any CPU
		{08E5B5CB-EF09-4447-A8DF-4FE8BB6ED063}.Release|iPhone.Build.0 = Release|Any CPU
		{08E5B5CB-EF09-4447-A8DF-4FE8BB6ED063}.Release|iPhoneSimulator.ActiveCfg = Release|Any CPU
		{08E5B5CB-EF09-4447-A8DF-4FE8BB6ED063}.Release|iPhoneSimulator.Build.0 = Release|Any CPU
		{2F967CCB-BC47-4421-8DF4-74428B1C775F}.Debug|Any CPU.ActiveCfg = Debug|Any CPU
		{2F967CCB-BC47-4421-8DF4-74428B1C775F}.Debug|Any CPU.Build.0 = Debug|Any CPU
		{2F967CCB-BC47-4421-8DF4-74428B1C775F}.Debug|iPhone.ActiveCfg = Debug|Any CPU
		{2F967CCB-BC47-4421-8DF4-74428B1C775F}.Debug|iPhone.Build.0 = Debug|Any CPU
		{2F967CCB-BC47-4421-8DF4-74428B1C775F}.Debug|iPhoneSimulator.ActiveCfg = Debug|Any CPU
		{2F967CCB-BC47-4421-8DF4-74428B1C775F}.Debug|iPhoneSimulator.Build.0 = Debug|Any CPU
		{2F967CCB-BC47-4421-8DF4-74428B1C775F}.Release|Any CPU.ActiveCfg = Release|Any CPU
		{2F967CCB-BC47-4421-8DF4-74428B1C775F}.Release|Any CPU.Build.0 = Release|Any CPU
		{2F967CCB-BC47-4421-8DF4-74428B1C775F}.Release|iPhone.ActiveCfg = Release|Any CPU
		{2F967CCB-BC47-4421-8DF4-74428B1C775F}.Release|iPhone.Build.0 = Release|Any CPU
		{2F967CCB-BC47-4421-8DF4-74428B1C775F}.Release|iPhoneSimulator.ActiveCfg = Release|Any CPU
		{2F967CCB-BC47-4421-8DF4-74428B1C775F}.Release|iPhoneSimulator.Build.0 = Release|Any CPU
	EndGlobalSection
	GlobalSection(SolutionProperties) = preSolution
		HideSolutionNode = FALSE
	EndGlobalSection
	GlobalSection(NestedProjects) = preSolution
		{B894A87C-0E63-48EF-9894-43D0DD518542} = {7CAA8099-FDA8-40A8-A17E-31DD95D4D13D}
		{3710A2F9-06B9-4608-A1AA-09151BE6FFBE} = {D9FAC4A5-1C7F-4B16-82F9-3B933F762B77}
		{77E4BCE8-BC59-4C3A-B601-9889695EA5AE} = {D9FAC4A5-1C7F-4B16-82F9-3B933F762B77}
		{90DEC93E-D4D5-428B-ACDA-6BAB2CEC852D} = {D9FAC4A5-1C7F-4B16-82F9-3B933F762B77}
		{25242321-C810-4B90-B263-2AEDD7EC57B5} = {D9FAC4A5-1C7F-4B16-82F9-3B933F762B77}
		{BF2913BD-EC62-48D8-9F61-7DA4E274A2CD} = {D9FAC4A5-1C7F-4B16-82F9-3B933F762B77}
		{1832D488-E5B2-45C6-8B46-C517F796AFB9} = {D9FAC4A5-1C7F-4B16-82F9-3B933F762B77}
		{DBCE675F-8A93-47D6-93F3-4AC07ED90B0D} = {D9FAC4A5-1C7F-4B16-82F9-3B933F762B77}
		{58781DEB-43FE-44E9-9633-D18C3DF916E9} = {D9FAC4A5-1C7F-4B16-82F9-3B933F762B77}
		{08E5B5CB-EF09-4447-A8DF-4FE8BB6ED063} = {D9FAC4A5-1C7F-4B16-82F9-3B933F762B77}
		{2F967CCB-BC47-4421-8DF4-74428B1C775F} = {D9FAC4A5-1C7F-4B16-82F9-3B933F762B77}
	EndGlobalSection
	GlobalSection(ExtensibilityGlobals) = postSolution
		SolutionGuid = {6AEA440B-0D90-4F6E-BA9A-D42B27A78D7B}
	EndGlobalSection
EndGlobal
